
Microsoft Visual Studio Solution File, Format Version 12.00
# Visual Studio Version 17
VisualStudioVersion = 17.6.33712.159
MinimumVisualStudioVersion = 10.0.40219.1
Project("{FAE04EC0-301F-11D3-BF4B-00C04F79EFBC}") = "FileSafe", "FileSafe\FileSafe.csproj", "{CE7BA2E6-B03F-480B-9511-D9056B748DAF}"
EndProject
Global
	GlobalSection(SolutionConfigurationPlatforms) = preSolution
		Debug|Any CPU = Debug|Any CPU
		Release|Any CPU = Release|Any CPU
	EndGlobalSection
	GlobalSection(ProjectConfigurationPlatforms) = postSolution
		{CE7BA2E6-B03F-480B-9511-D9056B748DAF}.Debug|Any CPU.ActiveCfg = Debug|Any CPU
		{CE7BA2E6-B03F-480B-9511-D9056B748DAF}.Debug|Any CPU.Build.0 = Debug|Any CPU
		{CE7BA2E6-B03F-480B-9511-D9056B748DAF}.Release|Any CPU.ActiveCfg = Release|Any CPU
		{CE7BA2E6-B03F-480B-9511-D9056B748DAF}.Release|Any CPU.Build.0 = Release|Any CPU
	EndGlobalSection
	GlobalSection(SolutionProperties) = preSolution
		HideSolutionNode = FALSE
	EndGlobalSection
	GlobalSection(ExtensibilityGlobals) = postSolution
		SolutionGuid = {CFBB6F07-5431-4C06-872B-F8A2B14C826A}
	EndGlobalSection
EndGlobal
